// !$*UTF8*$!
{
	archiveVersion = 1;
	classes = {
	};
	objectVersion = 77;
	objects = {

/* Begin PBXBuildFile section */
		6001BF132FD895BE002F4E03 /* AppDelegate.swift in Sources */ = {isa = PBXBuildFile; fileRef = 6001BF122FD895BE002F4E03 /* AppDelegate.swift */; };
		6001BF172FD895BE002F4E03 /* Main.html in Resources */ = {isa = PBXBuildFile; fileRef = 6001BF152FD895BE002F4E03 /* Main.html */; };
		6001BF192FD895BE002F4E03 /* Icon.png in Resources */ = {isa = PBXBuildFile; fileRef = 6001BF182FD895BE002F4E03 /* Icon.png */; };
		6001BF1B2FD895BE002F4E03 /* Style.css in Resources */ = {isa = PBXBuildFile; fileRef = 6001BF1A2FD895BE002F4E03 /* Style.css */; };
		6001BF1D2FD895BE002F4E03 /* Script.js in Resources */ = {isa = PBXBuildFile; fileRef = 6001BF1C2FD895BE002F4E03 /* Script.js */; };
		6001BF1F2FD895BE002F4E03 /* ViewController.swift in Sources */ = {isa = PBXBuildFile; fileRef = 6001BF1E2FD895BE002F4E03 /* ViewController.swift */; };
		6001BF222FD895BE002F4E03 /* Main.storyboard in Resources */ = {isa = PBXBuildFile; fileRef = 6001BF202FD895BE002F4E03 /* Main.storyboard */; };
		6001BF242FD895BF002F4E03 /* Assets.xcassets in Resources */ = {isa = PBXBuildFile; fileRef = 6001BF232FD895BF002F4E03 /* Assets.xcassets */; };
		6001BF2B2FD895C0002F4E03 /* Claude RTL Fix Extension.appex in Embed Foundation Extensions */ = {isa = PBXBuildFile; fileRef = 6001BF2A2FD895C0002F4E03 /* Claude RTL Fix Extension.appex */; settings = {ATTRIBUTES = (RemoveHeadersOnCopy, ); }; };
		6001BF302FD895C0002F4E03 /* SafariWebExtensionHandler.swift in Sources */ = {isa = PBXBuildFile; fileRef = 6001BF2F2FD895C0002F4E03 /* SafariWebExtensionHandler.swift */; };
		6001BF3F2FD895C1002F4E03 /* images in Resources */ = {isa = PBXBuildFile; fileRef = 6001BF3C2FD895C1002F4E03 /* images */; };
		6001BF402FD895C1002F4E03 /* manifest.json in Resources */ = {isa = PBXBuildFile; fileRef = 6001BF3D2FD895C1002F4E03 /* manifest.json */; };
		6001BF412FD895C1002F4E03 /* content.js in Resources */ = {isa = PBXBuildFile; fileRef = 6001BF3E2FD895C1002F4E03 /* content.js */; };
/* End PBXBuildFile section */

/* Begin PBXContainerItemProxy section */
		6001BF2C2FD895C0002F4E03 /* PBXContainerItemProxy */ = {
			isa = PBXContainerItemProxy;
			containerPortal = 6001BF072FD895BE002F4E03 /* Project object */;
			proxyType = 1;
			remoteGlobalIDString = 6001BF292FD895C0002F4E03;
			remoteInfo = "Claude RTL Fix Extension";
		};
/* End PBXContainerItemProxy section */

/* Begin PBXCopyFilesBuildPhase section */
		6001BF372FD895C0002F4E03 /* Embed Foundation Extensions */ = {
			isa = PBXCopyFilesBuildPhase;
			buildActionMask = 2147483647;
			dstPath = "";
			dstSubfolderSpec = 13;
			files = (
				6001BF2B2FD895C0002F4E03 /* Claude RTL Fix Extension.appex in Embed Foundation Extensions */,
			);
			name = "Embed Foundation Extensions";
			runOnlyForDeploymentPostprocessing = 0;
		};
/* End PBXCopyFilesBuildPhase section */

/* Begin PBXFileReference section */
		6001BF0F2FD895BE002F4E03 /* Claude RTL Fix.app */ = {isa = PBXFileReference; explicitFileType = wrapper.application; includeInIndex = 0; path = "Claude RTL Fix.app"; sourceTree = BUILT_PRODUCTS_DIR; };
		6001BF122FD895BE002F4E03 /* AppDelegate.swift */ = {isa = PBXFileReference; lastKnownFileType = sourcecode.swift; path = AppDelegate.swift; sourceTree = "<group>"; };
		6001BF162FD895BE002F4E03 /* Base */ = {isa = PBXFileReference; lastKnownFileType = text.html; name = Base; path = Base.lproj/Main.html; sourceTree = "<group>"; };
		6001BF182FD895BE002F4E03 /* Icon.png */ = {isa = PBXFileReference; lastKnownFileType = image.png; path = Icon.png; sourceTree = "<group>"; };
		6001BF1A2FD895BE002F4E03 /* Style.css */ = {isa = PBXFileReference; lastKnownFileType = text.css; path = Style.css; sourceTree = "<group>"; };
		6001BF1C2FD895BE002F4E03 /* Script.js */ = {isa = PBXFileReference; lastKnownFileType = sourcecode.javascript; path = Script.js; sourceTree = "<group>"; };
		6001BF1E2FD895BE002F4E03 /* ViewController.swift */ = {isa = PBXFileReference; lastKnownFileType = sourcecode.swift; path = ViewController.swift; sourceTree = "<group>"; };
		6001BF212FD895BE002F4E03 /* Base */ = {isa = PBXFileReference; lastKnownFileType = file.storyboard; name = Base; path = Base.lproj/Main.storyboard; sourceTree = "<group>"; };
		6001BF232FD895BF002F4E03 /* Assets.xcassets */ = {isa = PBXFileReference; lastKnownFileType = folder.assetcatalog; path = Assets.xcassets; sourceTree = "<group>"; };
		6001BF252FD895BF002F4E03 /* Info.plist */ = {isa = PBXFileReference; lastKnownFileType = text.plist.xml; path = Info.plist; sourceTree = "<group>"; };
		6001BF2A2FD895C0002F4E03 /* Claude RTL Fix Extension.appex */ = {isa = PBXFileReference; explicitFileType = "wrapper.app-extension"; includeInIndex = 0; path = "Claude RTL Fix Extension.appex"; sourceTree = BUILT_PRODUCTS_DIR; };
		6001BF2F2FD895C0002F4E03 /* SafariWebExtensionHandler.swift */ = {isa = PBXFileReference; lastKnownFileType = sourcecode.swift; path = SafariWebExtensionHandler.swift; sourceTree = "<group>"; };
		6001BF312FD895C0002F4E03 /* Info.plist */ = {isa = PBXFileReference; lastKnownFileType = text.plist.xml; path = Info.plist; sourceTree = "<group>"; };
		6001BF3C2FD895C1002F4E03 /* images */ = {isa = PBXFileReference; lastKnownFileType = folder; path = "Resources/images"; sourceTree = "<group>"; };
		6001BF3D2FD895C1002F4E03 /* manifest.json */ = {isa = PBXFileReference; lastKnownFileType = text.json; path = "Resources/manifest.json"; sourceTree = "<group>"; };
		6001BF3E2FD895C1002F4E03 /* content.js */ = {isa = PBXFileReference; lastKnownFileType = sourcecode.javascript; path = "Resources/content.js"; sourceTree = "<group>"; };
/* End PBXFileReference section */

/* Begin PBXFrameworksBuildPhase section */
		6001BF0C2FD895BE002F4E03 /* Frameworks */ = {
			isa = PBXFrameworksBuildPhase;
			buildActionMask = 2147483647;
			files = (
			);
			runOnlyForDeploymentPostprocessing = 0;
		};
		6001BF272FD895C0002F4E03 /* Frameworks */ = {
			isa = PBXFrameworksBuildPhase;
			buildActionMask = 2147483647;
			files = (
			);
			runOnlyForDeploymentPostprocessing = 0;
		};
/* End PBXFrameworksBuildPhase section */

/* Begin PBXGroup section */
		6001BF062FD895BE002F4E03 = {
			isa = PBXGroup;
			children = (
				6001BF112FD895BE002F4E03 /* Claude RTL Fix */,
				6001BF2E2FD895C0002F4E03 /* Claude RTL Fix Extension */,
				6001BF102FD895BE002F4E03 /* Products */,
			);
			sourceTree = "<group>";
		};
		6001BF102FD895BE002F4E03 /* Products */ = {
			isa = PBXGroup;
			children = (
				6001BF0F2FD895BE002F4E03 /* Claude RTL Fix.app */,
				6001BF2A2FD895C0002F4E03 /* Claude RTL Fix Extension.appex */,
			);
			name = Products;
			sourceTree = "<group>";
		};
		6001BF112FD895BE002F4E03 /* Claude RTL Fix */ = {
			isa = PBXGroup;
			children = (
				6001BF122FD895BE002F4E03 /* AppDelegate.swift */,
				6001BF1E2FD895BE002F4E03 /* ViewController.swift */,
				6001BF202FD895BE002F4E03 /* Main.storyboard */,
				6001BF232FD895BF002F4E03 /* Assets.xcassets */,
				6001BF252FD895BF002F4E03 /* Info.plist */,
				6001BF142FD895BE002F4E03 /* Resources */,
			);
			path = "Claude RTL Fix";
			sourceTree = "<group>";
		};
		6001BF142FD895BE002F4E03 /* Resources */ = {
			isa = PBXGroup;
			children = (
				6001BF152FD895BE002F4E03 /* Main.html */,
				6001BF182FD895BE002F4E03 /* Icon.png */,
				6001BF1A2FD895BE002F4E03 /* Style.css */,
				6001BF1C2FD895BE002F4E03 /* Script.js */,
			);
			path = Resources;
			sourceTree = "<group>";
		};
		6001BF2E2FD895C0002F4E03 /* Claude RTL Fix Extension */ = {
			isa = PBXGroup;
			children = (
				6001BF3B2FD895C1002F4E03 /* Resources */,
				6001BF2F2FD895C0002F4E03 /* SafariWebExtensionHandler.swift */,
				6001BF312FD895C0002F4E03 /* Info.plist */,
			);
			path = "Claude RTL Fix Extension";
			sourceTree = "<group>";
		};
		6001BF3B2FD895C1002F4E03 /* Resources */ = {
			isa = PBXGroup;
			children = (
				6001BF3C2FD895C1002F4E03 /* images */,
				6001BF3D2FD895C1002F4E03 /* manifest.json */,
				6001BF3E2FD895C1002F4E03 /* content.js */,
			);
			name = Resources;
			path = "Claude RTL Fix Extension";
			sourceTree = SOURCE_ROOT;
		};
/* End PBXGroup section */

/* Begin PBXNativeTarget section */
		6001BF0E2FD895BE002F4E03 /* Claude RTL Fix */ = {
			isa = PBXNativeTarget;
			buildConfigurationList = 6001BF382FD895C0002F4E03 /* Build configuration list for PBXNativeTarget "Claude RTL Fix" */;
			buildPhases = (
				6001BF0B2FD895BE002F4E03 /* Sources */,
				6001BF0C2FD895BE002F4E03 /* Frameworks */,
				6001BF0D2FD895BE002F4E03 /* Resources */,
				6001BF372FD895C0002F4E03 /* Embed Foundation Extensions */,
			);
			buildRules = (
			);
			dependencies = (
				6001BF2D2FD895C0002F4E03 /* PBXTargetDependency */,
			);
			name = "Claude RTL Fix";
			packageProductDependencies = (
			);
			productName = "Claude RTL Fix";
			productReference = 6001BF0F2FD895BE002F4E03 /* Claude RTL Fix.app */;
			productType = "com.apple.product-type.application";
		};
		6001BF292FD895C0002F4E03 /* Claude RTL Fix Extension */ = {
			isa = PBXNativeTarget;
			buildConfigurationList = 6001BF342FD895C0002F4E03 /* Build configuration list for PBXNativeTarget "Claude RTL Fix Extension" */;
			buildPhases = (
				6001BF262FD895C0002F4E03 /* Sources */,
				6001BF272FD895C0002F4E03 /* Frameworks */,
				6001BF282FD895C0002F4E03 /* Resources */,
			);
			buildRules = (
			);
			dependencies = (
			);
			name = "Claude RTL Fix Extension";
			packageProductDependencies = (
			);
			productName = "Claude RTL Fix Extension";
			productReference = 6001BF2A2FD895C0002F4E03 /* Claude RTL Fix Extension.appex */;
			productType = "com.apple.product-type.app-extension";
		};
/* End PBXNativeTarget section */

/* Begin PBXProject section */
		6001BF072FD895BE002F4E03 /* Project object */ = {
			isa = PBXProject;
			attributes = {
				BuildIndependentTargetsInParallel = 1;
				LastSwiftUpdateCheck = 2650;
				LastUpgradeCheck = 2650;
				TargetAttributes = {
					6001BF0E2FD895BE002F4E03 = {
						CreatedOnToolsVersion = 26.5;
					};
					6001BF292FD895C0002F4E03 = {
						CreatedOnToolsVersion = 26.5;
					};
				};
			};
			buildConfigurationList = 6001BF0A2FD895BE002F4E03 /* Build configuration list for PBXProject "Claude RTL Fix" */;
			developmentRegion = en;
			hasScannedForEncodings = 0;
			knownRegions = (
				en,
				Base,
			);
			mainGroup = 6001BF062FD895BE002F4E03;
			minimizedProjectReferenceProxies = 1;
			preferredProjectObjectVersion = 77;
			productRefGroup = 6001BF102FD895BE002F4E03 /* Products */;
			projectDirPath = "";
			projectRoot = "";
			targets = (
				6001BF0E2FD895BE002F4E03 /* Claude RTL Fix */,
				6001BF292FD895C0002F4E03 /* Claude RTL Fix Extension */,
			);
		};
/* End PBXProject section */

/* Begin PBXResourcesBuildPhase section */
		6001BF0D2FD895BE002F4E03 /* Resources */ = {
			isa = PBXResourcesBuildPhase;
			buildActionMask = 2147483647;
			files = (
				6001BF192FD895BE002F4E03 /* Icon.png in Resources */,
				6001BF222FD895BE002F4E03 /* Main.storyboard in Resources */,
				6001BF1D2FD895BE002F4E03 /* Script.js in Resources */,
				6001BF172FD895BE002F4E03 /* Main.html in Resources */,
				6001BF242FD895BF002F4E03 /* Assets.xcassets in Resources */,
				6001BF1B2FD895BE002F4E03 /* Style.css in Resources */,
			);
			runOnlyForDeploymentPostprocessing = 0;
		};
		6001BF282FD895C0002F4E03 /* Resources */ = {
			isa = PBXResourcesBuildPhase;
			buildActionMask = 2147483647;
			files = (
				6001BF412FD895C1002F4E03 /* content.js in Resources */,
				6001BF402FD895C1002F4E03 /* manifest.json in Resources */,
				6001BF3F2FD895C1002F4E03 /* images in Resources */,
			);
			runOnlyForDeploymentPostprocessing = 0;
		};
/* End PBXResourcesBuildPhase section */

/* Begin PBXSourcesBuildPhase section */
		6001BF0B2FD895BE002F4E03 /* Sources */ = {
			isa = PBXSourcesBuildPhase;
			buildActionMask = 2147483647;
			files = (
				6001BF1F2FD895BE002F4E03 /* ViewController.swift in Sources */,
				6001BF132FD895BE002F4E03 /* AppDelegate.swift in Sources */,
			);
			runOnlyForDeploymentPostprocessing = 0;
		};
		6001BF262FD895C0002F4E03 /* Sources */ = {
			isa = PBXSourcesBuildPhase;
			buildActionMask = 2147483647;
			files = (
				6001BF302FD895C0002F4E03 /* SafariWebExtensionHandler.swift in Sources */,
			);
			runOnlyForDeploymentPostprocessing = 0;
		};
/* End PBXSourcesBuildPhase section */

/* Begin PBXTargetDependency section */
		6001BF2D2FD895C0002F4E03 /* PBXTargetDependency */ = {
			isa = PBXTargetDependency;
			target = 6001BF292FD895C0002F4E03 /* Claude RTL Fix Extension */;
			targetProxy = 6001BF2C2FD895C0002F4E03 /* PBXContainerItemProxy */;
		};
/* End PBXTargetDependency section */

/* Begin PBXVariantGroup section */
		6001BF152FD895BE002F4E03 /* Main.html */ = {
			isa = PBXVariantGroup;
			children = (
				6001BF162FD895BE002F4E03 /* Base */,
			);
			name = Main.html;
			sourceTree = "<group>";
		};
		6001BF202FD895BE002F4E03 /* Main.storyboard */ = {
			isa = PBXVariantGroup;
			children = (
				6001BF212FD895BE002F4E03 /* Base */,
			);
			name = Main.storyboard;
			sourceTree = "<group>";
		};
/* End PBXVariantGroup section */

/* Begin XCBuildConfiguration section */
		6001BF322FD895C0002F4E03 /* Debug */ = {
			isa = XCBuildConfiguration;
			buildSettings = {
				ALWAYS_SEARCH_USER_PATHS = NO;
				ASSETCATALOG_COMPILER_GENERATE_SWIFT_ASSET_SYMBOL_EXTENSIONS = YES;
				CLANG_ANALYZER_NONNULL = YES;
				CLANG_ANALYZER_NUMBER_OBJECT_CONVERSION = YES_AGGRESSIVE;
				CLANG_CXX_LANGUAGE_STANDARD = "gnu++20";
				CLANG_ENABLE_MODULES = YES;
				CLANG_ENABLE_OBJC_ARC = YES;
				CLANG_ENABLE_OBJC_WEAK = YES;
				CLANG_WARN_BLOCK_CAPTURE_AUTORELEASING = YES;
				CLANG_WARN_BOOL_CONVERSION = YES;
				CLANG_WARN_COMMA = YES;
				CLANG_WARN_CONSTANT_CONVERSION = YES;
				CLANG_WARN_DEPRECATED_OBJC_IMPLEMENTATIONS = YES;
				CLANG_WARN_DIRECT_OBJC_ISA_USAGE = YES_ERROR;
				CLANG_WARN_DOCUMENTATION_COMMENTS = YES;
				CLANG_WARN_EMPTY_BODY = YES;
				CLANG_WARN_ENUM_CONVERSION = YES;
				CLANG_WARN_INFINITE_RECURSION = YES;
				CLANG_WARN_INT_CONVERSION = YES;
				CLANG_WARN_NON_LITERAL_NULL_CONVERSION = YES;
				CLANG_WARN_OBJC_IMPLICIT_RETAIN_SELF = YES;
				CLANG_WARN_OBJC_LITERAL_CONVERSION = YES;
				CLANG_WARN_OBJC_ROOT_CLASS = YES_ERROR;
				CLANG_WARN_QUOTED_INCLUDE_IN_FRAMEWORK_HEADER = YES;
				CLANG_WARN_RANGE_LOOP_ANALYSIS = YES;
				CLANG_WARN_STRICT_PROTOTYPES = YES;
				CLANG_WARN_SUSPICIOUS_MOVE = YES;
				CLANG_WARN_UNGUARDED_AVAILABILITY = YES_AGGRESSIVE;
				CLANG_WARN_UNREACHABLE_CODE = YES;
				CLANG_WARN__DUPLICATE_METHOD_MATCH = YES;
				COPY_PHASE_STRIP = NO;
				DEBUG_INFORMATION_FORMAT = dwarf;
				ENABLE_STRICT_OBJC_MSGSEND = YES;
				ENABLE_TESTABILITY = YES;
				ENABLE_USER_SCRIPT_SANDBOXING = YES;
				GCC_C_LANGUAGE_STANDARD = gnu17;
				GCC_DYNAMIC_NO_PIC = NO;
				GCC_NO_COMMON_BLOCKS = YES;
				GCC_OPTIMIZATION_LEVEL = 0;
				GCC_PREPROCESSOR_DEFINITIONS = (
					"DEBUG=1",
					"$(inherited)",
				);
				GCC_WARN_64_TO_32_BIT_CONVERSION = YES;
				GCC_WARN_ABOUT_RETURN_TYPE = YES_ERROR;
				GCC_WARN_UNDECLARED_SELECTOR = YES;
				GCC_WARN_UNINITIALIZED_AUTOS = YES_AGGRESSIVE;
				GCC_WARN_UNUSED_FUNCTION = YES;
				GCC_WARN_UNUSED_VARIABLE = YES;
				LOCALIZATION_PREFERS_STRING_CATALOGS = YES;
				MACOSX_DEPLOYMENT_TARGET = 26.5;
				MTL_ENABLE_DEBUG_INFO = INCLUDE_SOURCE;
				MTL_FAST_MATH = YES;
				ONLY_ACTIVE_ARCH = YES;
				SDKROOT = macosx;
				SWIFT_ACTIVE_COMPILATION_CONDITIONS = "DEBUG $(inherited)";
				SWIFT_OPTIMIZATION_LEVEL = "-Onone";
			};
			name = Debug;
		};
		6001BF332FD895C0002F4E03 /* Release */ = {
			isa = XCBuildConfiguration;
			buildSettings = {
				ALWAYS_SEARCH_USER_PATHS = NO;
				ASSETCATALOG_COMPILER_GENERATE_SWIFT_ASSET_SYMBOL_EXTENSIONS = YES;
				CLANG_ANALYZER_NONNULL = YES;
				CLANG_ANALYZER_NUMBER_OBJECT_CONVERSION = YES_AGGRESSIVE;
				CLANG_CXX_LANGUAGE_STANDARD = "gnu++20";
				CLANG_ENABLE_MODULES = YES;
				CLANG_ENABLE_OBJC_ARC = YES;
				CLANG_ENABLE_OBJC_WEAK = YES;
				CLANG_WARN_BLOCK_CAPTURE_AUTORELEASING = YES;
				CLANG_WARN_BOOL_CONVERSION = YES;
				CLANG_WARN_COMMA = YES;
				CLANG_WARN_CONSTANT_CONVERSION = YES;
				CLANG_WARN_DEPRECATED_OBJC_IMPLEMENTATIONS = YES;
				CLANG_WARN_DIRECT_OBJC_ISA_USAGE = YES_ERROR;
				CLANG_WARN_DOCUMENTATION_COMMENTS = YES;
				CLANG_WARN_EMPTY_BODY = YES;
				CLANG_WARN_ENUM_CONVERSION = YES;
				CLANG_WARN_INFINITE_RECURSION = YES;
				CLANG_WARN_INT_CONVERSION = YES;
				CLANG_WARN_NON_LITERAL_NULL_CONVERSION = YES;
				CLANG_WARN_OBJC_IMPLICIT_RETAIN_SELF = YES;
				CLANG_WARN_OBJC_LITERAL_CONVERSION = YES;
				CLANG_WARN_OBJC_ROOT_CLASS = YES_ERROR;
				CLANG_WARN_QUOTED_INCLUDE_IN_FRAMEWORK_HEADER = YES;
				CLANG_WARN_RANGE_LOOP_ANALYSIS = YES;
				CLANG_WARN_STRICT_PROTOTYPES = YES;
				CLANG_WARN_SUSPICIOUS_MOVE = YES;
				CLANG_WARN_UNGUARDED_AVAILABILITY = YES_AGGRESSIVE;
				CLANG_WARN_UNREACHABLE_CODE = YES;
				CLANG_WARN__DUPLICATE_METHOD_MATCH = YES;
				COPY_PHASE_STRIP = NO;
				DEBUG_INFORMATION_FORMAT = "dwarf-with-dsym";
				ENABLE_NS_ASSERTIONS = NO;
				ENABLE_STRICT_OBJC_MSGSEND = YES;
				ENABLE_USER_SCRIPT_SANDBOXING = YES;
				GCC_C_LANGUAGE_STANDARD = gnu17;
				GCC_NO_COMMON_BLOCKS = YES;
				GCC_WARN_64_TO_32_BIT_CONVERSION = YES;
				GCC_WARN_ABOUT_RETURN_TYPE = YES_ERROR;
				GCC_WARN_UNDECLARED_SELECTOR = YES;
				GCC_WARN_UNINITIALIZED_AUTOS = YES_AGGRESSIVE;
				GCC_WARN_UNUSED_FUNCTION = YES;
				GCC_WARN_UNUSED_VARIABLE = YES;
				LOCALIZATION_PREFERS_STRING_CATALOGS = YES;
				MACOSX_DEPLOYMENT_TARGET = 26.5;
				MTL_ENABLE_DEBUG_INFO = NO;
				MTL_FAST_MATH = YES;
				SDKROOT = macosx;
				SWIFT_COMPILATION_MODE = wholemodule;
			};
			name = Release;
		};
		6001BF352FD895C0002F4E03 /* Debug */ = {
			isa = XCBuildConfiguration;
			buildSettings = {
				CODE_SIGN_STYLE = Automatic;
				CURRENT_PROJECT_VERSION = 1;
				DEVELOPMENT_TEAM = J95882LJM7;
				ENABLE_APP_SANDBOX = YES;
				ENABLE_HARDENED_RUNTIME = YES;
				ENABLE_USER_SELECTED_FILES = readonly;
				GENERATE_INFOPLIST_FILE = YES;
				INFOPLIST_FILE = "Claude RTL Fix Extension/Info.plist";
				INFOPLIST_KEY_CFBundleDisplayName = "Claude RTL Fix Extension";
				INFOPLIST_KEY_NSHumanReadableCopyright = "";
				LD_RUNPATH_SEARCH_PATHS = (
					"$(inherited)",
					"@executable_path/../Frameworks",
					"@executable_path/../../../../Frameworks",
				);
				MACOSX_DEPLOYMENT_TARGET = 10.14;
				MARKETING_VERSION = 1.0;
				OTHER_LDFLAGS = (
					"-framework",
					SafariServices,
				);
				PRODUCT_BUNDLE_IDENTIFIER = com.ariel.ClaudeRTL.Extension;
				PRODUCT_NAME = "$(TARGET_NAME)";
				SKIP_INSTALL = YES;
				STRING_CATALOG_GENERATE_SYMBOLS = YES;
				SWIFT_APPROACHABLE_CONCURRENCY = YES;
				SWIFT_EMIT_LOC_STRINGS = YES;
				SWIFT_UPCOMING_FEATURE_MEMBER_IMPORT_VISIBILITY = YES;
				SWIFT_VERSION = 5.0;
			};
			name = Debug;
		};
		6001BF362FD895C0002F4E03 /* Release */ = {
			isa = XCBuildConfiguration;
			buildSettings = {
				CODE_SIGN_STYLE = Automatic;
				CURRENT_PROJECT_VERSION = 1;
				DEVELOPMENT_TEAM = J95882LJM7;
				ENABLE_APP_SANDBOX = YES;
				ENABLE_HARDENED_RUNTIME = YES;
				ENABLE_USER_SELECTED_FILES = readonly;
				GENERATE_INFOPLIST_FILE = YES;
				INFOPLIST_FILE = "Claude RTL Fix Extension/Info.plist";
				INFOPLIST_KEY_CFBundleDisplayName = "Claude RTL Fix Extension";
				INFOPLIST_KEY_NSHumanReadableCopyright = "";
				LD_RUNPATH_SEARCH_PATHS = (
					"$(inherited)",
					"@executable_path/../Frameworks",
					"@executable_path/../../../../Frameworks",
				);
				MACOSX_DEPLOYMENT_TARGET = 10.14;
				MARKETING_VERSION = 1.0;
				OTHER_LDFLAGS = (
					"-framework",
					SafariServices,
				);
				PRODUCT_BUNDLE_IDENTIFIER = com.ariel.ClaudeRTL.Extension;
				PRODUCT_NAME = "$(TARGET_NAME)";
				SKIP_INSTALL = YES;
				STRING_CATALOG_GENERATE_SYMBOLS = YES;
				SWIFT_APPROACHABLE_CONCURRENCY = YES;
				SWIFT_EMIT_LOC_STRINGS = YES;
				SWIFT_UPCOMING_FEATURE_MEMBER_IMPORT_VISIBILITY = YES;
				SWIFT_VERSION = 5.0;
			};
			name = Release;
		};
		6001BF392FD895C0002F4E03 /* Debug */ = {
			isa = XCBuildConfiguration;
			buildSettings = {
				ASSETCATALOG_COMPILER_APPICON_NAME = AppIcon;
				ASSETCATALOG_COMPILER_GLOBAL_ACCENT_COLOR_NAME = AccentColor;
				CODE_SIGN_STYLE = Automatic;
				COMBINE_HIDPI_IMAGES = YES;
				CURRENT_PROJECT_VERSION = 1;
				DEVELOPMENT_TEAM = J95882LJM7;
				ENABLE_APP_SANDBOX = YES;
				ENABLE_HARDENED_RUNTIME = YES;
				ENABLE_OUTGOING_NETWORK_CONNECTIONS = YES;
				ENABLE_USER_SELECTED_FILES = readonly;
				GENERATE_INFOPLIST_FILE = YES;
				INFOPLIST_FILE = "Claude RTL Fix/Info.plist";
				INFOPLIST_KEY_CFBundleDisplayName = "Claude RTL Fix";
				INFOPLIST_KEY_NSHumanReadableCopyright = "";
				INFOPLIST_KEY_NSMainStoryboardFile = Main;
				INFOPLIST_KEY_NSPrincipalClass = NSApplication;
				LD_RUNPATH_SEARCH_PATHS = (
					"$(inherited)",
					"@executable_path/../Frameworks",
				);
				MARKETING_VERSION = 1.0;
				OTHER_LDFLAGS = (
					"-framework",
					SafariServices,
					"-framework",
					WebKit,
				);
				PRODUCT_BUNDLE_IDENTIFIER = com.ariel.ClaudeRTL;
				PRODUCT_NAME = "$(TARGET_NAME)";
				REGISTER_APP_GROUPS = YES;
				STRING_CATALOG_GENERATE_SYMBOLS = YES;
				SWIFT_APPROACHABLE_CONCURRENCY = YES;
				SWIFT_DEFAULT_ACTOR_ISOLATION = MainActor;
				SWIFT_EMIT_LOC_STRINGS = YES;
				SWIFT_UPCOMING_FEATURE_MEMBER_IMPORT_VISIBILITY = YES;
				SWIFT_VERSION = 5.0;
			};
			name = Debug;
		};
		6001BF3A2FD895C0002F4E03 /* Release */ = {
			isa = XCBuildConfiguration;
			buildSettings = {
				ASSETCATALOG_COMPILER_APPICON_NAME = AppIcon;
				ASSETCATALOG_COMPILER_GLOBAL_ACCENT_COLOR_NAME = AccentColor;
				CODE_SIGN_STYLE = Automatic;
				COMBINE_HIDPI_IMAGES = YES;
				CURRENT_PROJECT_VERSION = 1;
				DEVELOPMENT_TEAM = J95882LJM7;
				ENABLE_APP_SANDBOX = YES;
				ENABLE_HARDENED_RUNTIME = YES;
				ENABLE_OUTGOING_NETWORK_CONNECTIONS = YES;
				ENABLE_USER_SELECTED_FILES = readonly;
				GENERATE_INFOPLIST_FILE = YES;
				INFOPLIST_FILE = "Claude RTL Fix/Info.plist";
				INFOPLIST_KEY_CFBundleDisplayName = "Claude RTL Fix";
				INFOPLIST_KEY_NSHumanReadableCopyright = "";
				INFOPLIST_KEY_NSMainStoryboardFile = Main;
				INFOPLIST_KEY_NSPrincipalClass = NSApplication;
				LD_RUNPATH_SEARCH_PATHS = (
					"$(inherited)",
					"@executable_path/../Frameworks",
				);
				MARKETING_VERSION = 1.0;
				OTHER_LDFLAGS = (
					"-framework",
					SafariServices,
					"-framework",
					WebKit,
				);
				PRODUCT_BUNDLE_IDENTIFIER = com.ariel.ClaudeRTL;
				PRODUCT_NAME = "$(TARGET_NAME)";
				REGISTER_APP_GROUPS = YES;
				STRING_CATALOG_GENERATE_SYMBOLS = YES;
				SWIFT_APPROACHABLE_CONCURRENCY = YES;
				SWIFT_DEFAULT_ACTOR_ISOLATION = MainActor;
				SWIFT_EMIT_LOC_STRINGS = YES;
				SWIFT_UPCOMING_FEATURE_MEMBER_IMPORT_VISIBILITY = YES;
				SWIFT_VERSION = 5.0;
			};
			name = Release;
		};
/* End XCBuildConfiguration section */

/* Begin XCConfigurationList section */
		6001BF0A2FD895BE002F4E03 /* Build configuration list for PBXProject "Claude RTL Fix" */ = {
			isa = XCConfigurationList;
			buildConfigurations = (
				6001BF322FD895C0002F4E03 /* Debug */,
				6001BF332FD895C0002F4E03 /* Release */,
			);
			defaultConfigurationIsVisible = 0;
			defaultConfigurationName = Release;
		};
		6001BF342FD895C0002F4E03 /* Build configuration list for PBXNativeTarget "Claude RTL Fix Extension" */ = {
			isa = XCConfigurationList;
			buildConfigurations = (
				6001BF352FD895C0002F4E03 /* Debug */,
				6001BF362FD895C0002F4E03 /* Release */,
			);
			defaultConfigurationIsVisible = 0;
			defaultConfigurationName = Release;
		};
		6001BF382FD895C0002F4E03 /* Build configuration list for PBXNativeTarget "Claude RTL Fix" */ = {
			isa = XCConfigurationList;
			buildConfigurations = (
				6001BF392FD895C0002F4E03 /* Debug */,
				6001BF3A2FD895C0002F4E03 /* Release */,
			);
			defaultConfigurationIsVisible = 0;
			defaultConfigurationName = Release;
		};
/* End XCConfigurationList section */
	};
	rootObject = 6001BF072FD895BE002F4E03 /* Project object */;
}
